
Microsoft Visual Studio Solution File, Format Version 12.00
# Visual Studio Version 17
VisualStudioVersion = 17.0.32112.339
MinimumVisualStudioVersion = 10.0.40219.1
Project("{FAE04EC0-301F-11D3-BF4B-00C04F79EFBC}") = "ProyectoN1", "ProyectoN1.csproj", "{E0DDADB9-6B09-41A2-8F0C-BBB322ECEA32}"
EndProject
Global
	GlobalSection(SolutionConfigurationPlatforms) = preSolution
		Debug|Any CPU = Debug|Any CPU
		Release|Any CPU = Release|Any CPU
	EndGlobalSection
	GlobalSection(ProjectConfigurationPlatforms) = postSolution
		{E0DDADB9-6B09-41A2-8F0C-BBB322ECEA32}.Debug|Any CPU.ActiveCfg = Debug|Any CPU
		{E0DDADB9-6B09-41A2-8F0C-BBB322ECEA32}.Debug|Any CPU.Build.0 = Debug|Any CPU
		{E0DDADB9-6B09-41A2-8F0C-BBB322ECEA32}.Release|Any CPU.ActiveCfg = Release|Any CPU
		{E0DDADB9-6B09-41A2-8F0C-BBB322ECEA32}.Release|Any CPU.Build.0 = Release|Any CPU
	EndGlobalSection
	GlobalSection(SolutionProperties) = preSolution
		HideSolutionNode = FALSE
	EndGlobalSection
	GlobalSection(ExtensibilityGlobals) = postSolution
		SolutionGuid = {ECF29FC3-F3FE-4C74-A966-A8C6BF326EAC}
	EndGlobalSection
EndGlobal
